
Microsoft Visual Studio Solution File, Format Version 11.00
# Visual Studio 2010
Project("{FAE04EC0-301F-11D3-BF4B-00C04F79EFBC}") = "OrgChart", "OrgChart\OrgChart.csproj", "{7BA13BBE-9438-478C-82EB-41AED3B6A541}"
EndProject
Project("{FAE04EC0-301F-11D3-BF4B-00C04F79EFBC}") = "OrgChart.Web", "OrgChart.Web\OrgChart.Web.csproj", "{1BD16965-7B9D-4847-853C-73AF71FD39AC}"
EndProject
Global
	GlobalSection(TeamFoundationVersionControl) = preSolution
		SccNumberOfProjects = 3
		SccEnterpriseProvider = {4CA58AB2-18FA-4F8D-95D4-32DDF27D184C}
		SccTeamFoundationServer = https://tfs.codeplex.com/tfs/tfs05
		SccLocalPath0 = .
		SccProjectUniqueName1 = OrgChart.Web\\OrgChart.Web.csproj
		SccProjectName1 = OrgChart.Web
		SccLocalPath1 = OrgChart.Web
		SccProjectUniqueName2 = OrgChart\\OrgChart.csproj
		SccProjectName2 = OrgChart
		SccLocalPath2 = OrgChart
	EndGlobalSection
	GlobalSection(SolutionConfigurationPlatforms) = preSolution
		Debug|Any CPU = Debug|Any CPU
		Release|Any CPU = Release|Any CPU
	EndGlobalSection
	GlobalSection(ProjectConfigurationPlatforms) = postSolution
		{7BA13BBE-9438-478C-82EB-41AED3B6A541}.Debug|Any CPU.ActiveCfg = Debug|Any CPU
		{7BA13BBE-9438-478C-82EB-41AED3B6A541}.Debug|Any CPU.Build.0 = Debug|Any CPU
		{7BA13BBE-9438-478C-82EB-41AED3B6A541}.Release|Any CPU.ActiveCfg = Release|Any CPU
		{7BA13BBE-9438-478C-82EB-41AED3B6A541}.Release|Any CPU.Build.0 = Release|Any CPU
		{1BD16965-7B9D-4847-853C-73AF71FD39AC}.Debug|Any CPU.ActiveCfg = Debug|Any CPU
		{1BD16965-7B9D-4847-853C-73AF71FD39AC}.Debug|Any CPU.Build.0 = Debug|Any CPU
		{1BD16965-7B9D-4847-853C-73AF71FD39AC}.Release|Any CPU.ActiveCfg = Release|Any CPU
		{1BD16965-7B9D-4847-853C-73AF71FD39AC}.Release|Any CPU.Build.0 = Release|Any CPU
	EndGlobalSection
	GlobalSection(SolutionProperties) = preSolution
		HideSolutionNode = FALSE
	EndGlobalSection
EndGlobal
